
Microsoft Visual Studio Solution File, Format Version 12.00
# Visual Studio Version 17
VisualStudioVersion = 17.4.33205.214
MinimumVisualStudioVersion = 10.0.40219.1
Project("{9A19103F-16F7-4668-BE54-9A1E7A4F7556}") = "graf3", "graf3\graf3.csproj", "{705D0B14-9841-40DC-AC30-B6F679A3A7D2}"
EndProject
Global
	GlobalSection(SolutionConfigurationPlatforms) = preSolution
		Debug|Any CPU = Debug|Any CPU
		Debug|x86 = Debug|x86
		Release|Any CPU = Release|Any CPU
		Release|x86 = Release|x86
	EndGlobalSection
	GlobalSection(ProjectConfigurationPlatforms) = postSolution
		{705D0B14-9841-40DC-AC30-B6F679A3A7D2}.Debug|Any CPU.ActiveCfg = Debug|Any CPU
		{705D0B14-9841-40DC-AC30-B6F679A3A7D2}.Debug|Any CPU.Build.0 = Debug|Any CPU
		{705D0B14-9841-40DC-AC30-B6F679A3A7D2}.Debug|x86.ActiveCfg = Debug|x86
		{705D0B14-9841-40DC-AC30-B6F679A3A7D2}.Debug|x86.Build.0 = Debug|x86
		{705D0B14-9841-40DC-AC30-B6F679A3A7D2}.Release|Any CPU.ActiveCfg = Release|Any CPU
		{705D0B14-9841-40DC-AC30-B6F679A3A7D2}.Release|Any CPU.Build.0 = Release|Any CPU
		{705D0B14-9841-40DC-AC30-B6F679A3A7D2}.Release|x86.ActiveCfg = Release|x86
		{705D0B14-9841-40DC-AC30-B6F679A3A7D2}.Release|x86.Build.0 = Release|x86
	EndGlobalSection
	GlobalSection(SolutionProperties) = preSolution
		HideSolutionNode = FALSE
	EndGlobalSection
	GlobalSection(ExtensibilityGlobals) = postSolution
		SolutionGuid = {83A61C13-94B3-4C50-9BE5-2F84474EC629}
	EndGlobalSection
EndGlobal
